// !$*UTF8*$!
{
	archiveVersion = 1;
	classes = {
	};
	objectVersion = 46;
	objects = {

/* Begin PBXBuildFile section */
		DC154EBB1D82464C00880087 /* CollisionShapes.framework in Frameworks */ = {isa = PBXBuildFile; fileRef = DC154EB01D8245F100880087 /* CollisionShapes.framework */; };
		DC154EBC1D82464C00880087 /* CoronaGL.framework in Frameworks */ = {isa = PBXBuildFile; fileRef = DC154EBA1D82464200880087 /* CoronaGL.framework */; };
		DC154EBF1D8246F500880087 /* Transform+GL.swift in Sources */ = {isa = PBXBuildFile; fileRef = DC154EBE1D8246F500880087 /* Transform+GL.swift */; };
		DC4577341D850EC500711D86 /* CollisionShape+RandomPointProtocol.swift in Sources */ = {isa = PBXBuildFile; fileRef = DC4577331D850EC500711D86 /* CollisionShape+RandomPointProtocol.swift */; };
/* End PBXBuildFile section */

/* Begin PBXContainerItemProxy section */
		DC154EAF1D8245F100880087 /* PBXContainerItemProxy */ = {
			isa = PBXContainerItemProxy;
			containerPortal = DC154EA71D8245F100880087 /* CollisionShapes.xcodeproj */;
			proxyType = 2;
			remoteGlobalIDString = DC8113901BB7487A00887A5C;
			remoteInfo = CollisionShapes;
		};
		DC154EB11D8245F100880087 /* PBXContainerItemProxy */ = {
			isa = PBXContainerItemProxy;
			containerPortal = DC154EA71D8245F100880087 /* CollisionShapes.xcodeproj */;
			proxyType = 2;
			remoteGlobalIDString = DC81139A1BB7487A00887A5C;
			remoteInfo = CollisionShapesTests;
		};
		DC154EB91D82464200880087 /* PBXContainerItemProxy */ = {
			isa = PBXContainerItemProxy;
			containerPortal = DC154EB31D82464200880087 /* CoronaGL.xcodeproj */;
			proxyType = 2;
			remoteGlobalIDString = DC5CDC891D80B30F008C2A8D;
			remoteInfo = CoronaGL;
		};
/* End PBXContainerItemProxy section */

/* Begin PBXFileReference section */
		DC154E9C1D8245DB00880087 /* CollisionShapesGL.framework */ = {isa = PBXFileReference; explicitFileType = wrapper.framework; includeInIndex = 0; path = CollisionShapesGL.framework; sourceTree = BUILT_PRODUCTS_DIR; };
		DC154EA11D8245DB00880087 /* Info.plist */ = {isa = PBXFileReference; lastKnownFileType = text.plist.xml; path = Info.plist; sourceTree = "<group>"; };
		DC154EA71D8245F100880087 /* CollisionShapes.xcodeproj */ = {isa = PBXFileReference; lastKnownFileType = "wrapper.pb-project"; name = CollisionShapes.xcodeproj; path = ../../CollisionShapes/CollisionShapes.xcodeproj; sourceTree = "<group>"; };
		DC154EB31D82464200880087 /* CoronaGL.xcodeproj */ = {isa = PBXFileReference; lastKnownFileType = "wrapper.pb-project"; name = CoronaGL.xcodeproj; path = ../CoronaGL/CoronaGL.xcodeproj; sourceTree = "<group>"; };
		DC154EBD1D8246B500880087 /* CollisionShape+GL.swift */ = {isa = PBXFileReference; lastKnownFileType = sourcecode.swift; path = "CollisionShape+GL.swift"; sourceTree = "<group>"; };
		DC154EBE1D8246F500880087 /* Transform+GL.swift */ = {isa = PBXFileReference; fileEncoding = 4; lastKnownFileType = sourcecode.swift; path = "Transform+GL.swift"; sourceTree = "<group>"; };
		DC4577331D850EC500711D86 /* CollisionShape+RandomPointProtocol.swift */ = {isa = PBXFileReference; fileEncoding = 4; lastKnownFileType = sourcecode.swift; path = "CollisionShape+RandomPointProtocol.swift"; sourceTree = "<group>"; };
/* End PBXFileReference section */

/* Begin PBXFrameworksBuildPhase section */
		DC154E981D8245DB00880087 /* Frameworks */ = {
			isa = PBXFrameworksBuildPhase;
			buildActionMask = 2147483647;
			files = (
				DC154EBB1D82464C00880087 /* CollisionShapes.framework in Frameworks */,
				DC154EBC1D82464C00880087 /* CoronaGL.framework in Frameworks */,
			);
			runOnlyForDeploymentPostprocessing = 0;
		};
/* End PBXFrameworksBuildPhase section */

/* Begin PBXGroup section */
		DC154E921D8245DB00880087 = {
			isa = PBXGroup;
			children = (
				DC154EA71D8245F100880087 /* CollisionShapes.xcodeproj */,
				DC154EB31D82464200880087 /* CoronaGL.xcodeproj */,
				DC154E9E1D8245DB00880087 /* CollisionShapesGL */,
				DC154E9D1D8245DB00880087 /* Products */,
			);
			sourceTree = "<group>";
		};
		DC154E9D1D8245DB00880087 /* Products */ = {
			isa = PBXGroup;
			children = (
				DC154E9C1D8245DB00880087 /* CollisionShapesGL.framework */,
			);
			name = Products;
			sourceTree = "<group>";
		};
		DC154E9E1D8245DB00880087 /* CollisionShapesGL */ = {
			isa = PBXGroup;
			children = (
				DC154EBD1D8246B500880087 /* CollisionShape+GL.swift */,
				DC4577331D850EC500711D86 /* CollisionShape+RandomPointProtocol.swift */,
				DC154EBE1D8246F500880087 /* Transform+GL.swift */,
				DC154EA11D8245DB00880087 /* Info.plist */,
			);
			path = CollisionShapesGL;
			sourceTree = "<group>";
		};
		DC154EA81D8245F100880087 /* Products */ = {
			isa = PBXGroup;
			children = (
				DC154EB01D8245F100880087 /* CollisionShapes.framework */,
				DC154EB21D8245F100880087 /* CollisionShapesTests.xctest */,
			);
			name = Products;
			sourceTree = "<group>";
		};
		DC154EB41D82464200880087 /* Products */ = {
			isa = PBXGroup;
			children = (
				DC154EBA1D82464200880087 /* CoronaGL.framework */,
			);
			name = Products;
			sourceTree = "<group>";
		};
/* End PBXGroup section */

/* Begin PBXHeadersBuildPhase section */
		DC154E991D8245DB00880087 /* Headers */ = {
			isa = PBXHeadersBuildPhase;
			buildActionMask = 2147483647;
			files = (
			);
			runOnlyForDeploymentPostprocessing = 0;
		};
/* End PBXHeadersBuildPhase section */

/* Begin PBXNativeTarget section */
		DC154E9B1D8245DB00880087 /* CollisionShapesGL */ = {
			isa = PBXNativeTarget;
			buildConfigurationList = DC154EA41D8245DB00880087 /* Build configuration list for PBXNativeTarget "CollisionShapesGL" */;
			buildPhases = (
				DC154E971D8245DB00880087 /* Sources */,
				DC154E981D8245DB00880087 /* Frameworks */,
				DC154E991D8245DB00880087 /* Headers */,
				DC154E9A1D8245DB00880087 /* Resources */,
			);
			buildRules = (
			);
			dependencies = (
			);
			name = CollisionShapesGL;
			productName = CollisionShapesGL;
			productReference = DC154E9C1D8245DB00880087 /* CollisionShapesGL.framework */;
			productType = "com.apple.product-type.framework";
		};
/* End PBXNativeTarget section */

/* Begin PBXProject section */
		DC154E931D8245DB00880087 /* Project object */ = {
			isa = PBXProject;
			attributes = {
				LastUpgradeCheck = 0730;
				ORGANIZATIONNAME = "Cooper Knaak";
				TargetAttributes = {
					DC154E9B1D8245DB00880087 = {
						CreatedOnToolsVersion = 7.3.1;
					};
				};
			};
			buildConfigurationList = DC154E961D8245DB00880087 /* Build configuration list for PBXProject "CollisionShapesGL" */;
			compatibilityVersion = "Xcode 3.2";
			developmentRegion = English;
			hasScannedForEncodings = 0;
			knownRegions = (
				en,
			);
			mainGroup = DC154E921D8245DB00880087;
			productRefGroup = DC154E9D1D8245DB00880087 /* Products */;
			projectDirPath = "";
			projectReferences = (
				{
					ProductGroup = DC154EA81D8245F100880087 /* Products */;
					ProjectRef = DC154EA71D8245F100880087 /* CollisionShapes.xcodeproj */;
				},
				{
					ProductGroup = DC154EB41D82464200880087 /* Products */;
					ProjectRef = DC154EB31D82464200880087 /* CoronaGL.xcodeproj */;
				},
			);
			projectRoot = "";
			targets = (
				DC154E9B1D8245DB00880087 /* CollisionShapesGL */,
			);
		};
/* End PBXProject section */

/* Begin PBXReferenceProxy section */
		DC154EB01D8245F100880087 /* CollisionShapes.framework */ = {
			isa = PBXReferenceProxy;
			fileType = wrapper.framework;
			path = CollisionShapes.framework;
			remoteRef = DC154EAF1D8245F100880087 /* PBXContainerItemProxy */;
			sourceTree = BUILT_PRODUCTS_DIR;
		};
		DC154EB21D8245F100880087 /* CollisionShapesTests.xctest */ = {
			isa = PBXReferenceProxy;
			fileType = wrapper.cfbundle;
			path = CollisionShapesTests.xctest;
			remoteRef = DC154EB11D8245F100880087 /* PBXContainerItemProxy */;
			sourceTree = BUILT_PRODUCTS_DIR;
		};
		DC154EBA1D82464200880087 /* CoronaGL.framework */ = {
			isa = PBXReferenceProxy;
			fileType = wrapper.framework;
			path = CoronaGL.framework;
			remoteRef = DC154EB91D82464200880087 /* PBXContainerItemProxy */;
			sourceTree = BUILT_PRODUCTS_DIR;
		};
/* End PBXReferenceProxy section */

/* Begin PBXResourcesBuildPhase section */
		DC154E9A1D8245DB00880087 /* Resources */ = {
			isa = PBXResourcesBuildPhase;
			buildActionMask = 2147483647;
			files = (
			);
			runOnlyForDeploymentPostprocessing = 0;
		};
/* End PBXResourcesBuildPhase section */

/* Begin PBXSourcesBuildPhase section */
		DC154E971D8245DB00880087 /* Sources */ = {
			isa = PBXSourcesBuildPhase;
			buildActionMask = 2147483647;
			files = (
				DC4577341D850EC500711D86 /* CollisionShape+RandomPointProtocol.swift in Sources */,
				DC154EBF1D8246F500880087 /* Transform+GL.swift in Sources */,
			);
			runOnlyForDeploymentPostprocessing = 0;
		};
/* End PBXSourcesBuildPhase section */

/* Begin XCBuildConfiguration section */
		DC154EA21D8245DB00880087 /* Debug */ = {
			isa = XCBuildConfiguration;
			buildSettings = {
				ALWAYS_SEARCH_USER_PATHS = NO;
				CLANG_ANALYZER_NONNULL = YES;
				CLANG_CXX_LANGUAGE_STANDARD = "gnu++0x";
				CLANG_CXX_LIBRARY = "libc++";
				CLANG_ENABLE_MODULES = YES;
				CLANG_ENABLE_OBJC_ARC = YES;
				CLANG_WARN_BOOL_CONVERSION = YES;
				CLANG_WARN_CONSTANT_CONVERSION = YES;
				CLANG_WARN_DIRECT_OBJC_ISA_USAGE = YES_ERROR;
				CLANG_WARN_EMPTY_BODY = YES;
				CLANG_WARN_ENUM_CONVERSION = YES;
				CLANG_WARN_INT_CONVERSION = YES;
				CLANG_WARN_OBJC_ROOT_CLASS = YES_ERROR;
				CLANG_WARN_UNREACHABLE_CODE = YES;
				CLANG_WARN__DUPLICATE_METHOD_MATCH = YES;
				"CODE_SIGN_IDENTITY[sdk=iphoneos*]" = "iPhone Developer";
				COPY_PHASE_STRIP = NO;
				CURRENT_PROJECT_VERSION = 1;
				DEBUG_INFORMATION_FORMAT = dwarf;
				ENABLE_STRICT_OBJC_MSGSEND = YES;
				ENABLE_TESTABILITY = YES;
				GCC_C_LANGUAGE_STANDARD = gnu99;
				GCC_DYNAMIC_NO_PIC = NO;
				GCC_NO_COMMON_BLOCKS = YES;
				GCC_OPTIMIZATION_LEVEL = 0;
				GCC_PREPROCESSOR_DEFINITIONS = (
					"DEBUG=1",
					"$(inherited)",
				);
				GCC_WARN_64_TO_32_BIT_CONVERSION = YES;
				GCC_WARN_ABOUT_RETURN_TYPE = YES_ERROR;
				GCC_WARN_UNDECLARED_SELECTOR = YES;
				GCC_WARN_UNINITIALIZED_AUTOS = YES_AGGRESSIVE;
				GCC_WARN_UNUSED_FUNCTION = YES;
				GCC_WARN_UNUSED_VARIABLE = YES;
				IPHONEOS_DEPLOYMENT_TARGET = 9.3;
				MTL_ENABLE_DEBUG_INFO = YES;
				ONLY_ACTIVE_ARCH = YES;
				SDKROOT = iphoneos;
				SWIFT_OPTIMIZATION_LEVEL = "-Onone";
				TARGETED_DEVICE_FAMILY = "1,2";
				VERSIONING_SYSTEM = "apple-generic";
				VERSION_INFO_PREFIX = "";
			};
			name = Debug;
		};
		DC154EA31D8245DB00880087 /* Release */ = {
			isa = XCBuildConfiguration;
			buildSettings = {
				ALWAYS_SEARCH_USER_PATHS = NO;
				CLANG_ANALYZER_NONNULL = YES;
				CLANG_CXX_LANGUAGE_STANDARD = "gnu++0x";
				CLANG_CXX_LIBRARY = "libc++";
				CLANG_ENABLE_MODULES = YES;
				CLANG_ENABLE_OBJC_ARC = YES;
				CLANG_WARN_BOOL_CONVERSION = YES;
				CLANG_WARN_CONSTANT_CONVERSION = YES;
				CLANG_WARN_DIRECT_OBJC_ISA_USAGE = YES_ERROR;
				CLANG_WARN_EMPTY_BODY = YES;
				CLANG_WARN_ENUM_CONVERSION = YES;
				CLANG_WARN_INT_CONVERSION = YES;
				CLANG_WARN_OBJC_ROOT_CLASS = YES_ERROR;
				CLANG_WARN_UNREACHABLE_CODE = YES;
				CLANG_WARN__DUPLICATE_METHOD_MATCH = YES;
				"CODE_SIGN_IDENTITY[sdk=iphoneos*]" = "iPhone Developer";
				COPY_PHASE_STRIP = NO;
				CURRENT_PROJECT_VERSION = 1;
				DEBUG_INFORMATION_FORMAT = "dwarf-with-dsym";
				ENABLE_NS_ASSERTIONS = NO;
				ENABLE_STRICT_OBJC_MSGSEND = YES;
				GCC_C_LANGUAGE_STANDARD = gnu99;
				GCC_NO_COMMON_BLOCKS = YES;
				GCC_WARN_64_TO_32_BIT_CONVERSION = YES;
				GCC_WARN_ABOUT_RETURN_TYPE = YES_ERROR;
				GCC_WARN_UNDECLARED_SELECTOR = YES;
				GCC_WARN_UNINITIALIZED_AUTOS = YES_AGGRESSIVE;
				GCC_WARN_UNUSED_FUNCTION = YES;
				GCC_WARN_UNUSED_VARIABLE = YES;
				IPHONEOS_DEPLOYMENT_TARGET = 9.3;
				MTL_ENABLE_DEBUG_INFO = NO;
				SDKROOT = iphoneos;
				TARGETED_DEVICE_FAMILY = "1,2";
				VALIDATE_PRODUCT = YES;
				VERSIONING_SYSTEM = "apple-generic";
				VERSION_INFO_PREFIX = "";
			};
			name = Release;
		};
		DC154EA51D8245DB00880087 /* Debug */ = {
			isa = XCBuildConfiguration;
			buildSettings = {
				CLANG_ENABLE_MODULES = YES;
				DEFINES_MODULE = YES;
				DYLIB_COMPATIBILITY_VERSION = 1;
				DYLIB_CURRENT_VERSION = 1;
				DYLIB_INSTALL_NAME_BASE = "@rpath";
				EMBEDDED_CONTENT_CONTAINS_SWIFT = YES;
				INFOPLIST_FILE = CollisionShapesGL/Info.plist;
				INSTALL_PATH = "$(LOCAL_LIBRARY_DIR)/Frameworks";
				LD_RUNPATH_SEARCH_PATHS = "$(inherited) @executable_path/Frameworks @loader_path/Frameworks";
				PRODUCT_BUNDLE_IDENTIFIER = "Corona-Corporation.CollisionShapesGL";
				PRODUCT_NAME = "$(TARGET_NAME)";
				SKIP_INSTALL = YES;
				SUPPORTED_PLATFORMS = "iphonesimulator iphoneos macosx";
				SWIFT_OPTIMIZATION_LEVEL = "-Onone";
				VALID_ARCHS = "arm64 armv7 armv7s x86_64 i386";
			};
			name = Debug;
		};
		DC154EA61D8245DB00880087 /* Release */ = {
			isa = XCBuildConfiguration;
			buildSettings = {
				CLANG_ENABLE_MODULES = YES;
				DEFINES_MODULE = YES;
				DYLIB_COMPATIBILITY_VERSION = 1;
				DYLIB_CURRENT_VERSION = 1;
				DYLIB_INSTALL_NAME_BASE = "@rpath";
				EMBEDDED_CONTENT_CONTAINS_SWIFT = YES;
				INFOPLIST_FILE = CollisionShapesGL/Info.plist;
				INSTALL_PATH = "$(LOCAL_LIBRARY_DIR)/Frameworks";
				LD_RUNPATH_SEARCH_PATHS = "$(inherited) @executable_path/Frameworks @loader_path/Frameworks";
				PRODUCT_BUNDLE_IDENTIFIER = "Corona-Corporation.CollisionShapesGL";
				PRODUCT_NAME = "$(TARGET_NAME)";
				SKIP_INSTALL = YES;
				SUPPORTED_PLATFORMS = "iphonesimulator iphoneos macosx";
				VALID_ARCHS = "arm64 armv7 armv7s x86_64 i386";
			};
			name = Release;
		};
/* End XCBuildConfiguration section */

/* Begin XCConfigurationList section */
		DC154E961D8245DB00880087 /* Build configuration list for PBXProject "CollisionShapesGL" */ = {
			isa = XCConfigurationList;
			buildConfigurations = (
				DC154EA21D8245DB00880087 /* Debug */,
				DC154EA31D8245DB00880087 /* Release */,
			);
			defaultConfigurationIsVisible = 0;
			defaultConfigurationName = Release;
		};
		DC154EA41D8245DB00880087 /* Build configuration list for PBXNativeTarget "CollisionShapesGL" */ = {
			isa = XCConfigurationList;
			buildConfigurations = (
				DC154EA51D8245DB00880087 /* Debug */,
				DC154EA61D8245DB00880087 /* Release */,
			);
			defaultConfigurationIsVisible = 0;
			defaultConfigurationName = Release;
		};
/* End XCConfigurationList section */
	};
	rootObject = DC154E931D8245DB00880087 /* Project object */;
}
